<?xml version="1.0" encoding="UTF-8" standalone="yes" ?>
<CodeBlocks_project_file>
	<FileVersion major="1" minor="6" />
	<Project>
		<Option title="Practical2" />
		<Option makefile="makefile" />
		<Option pch_mode="2" />
		<Option compiler="gcc" />
		<Build>
			<Target title="Release">
				<Option output="bin/Practical2" prefix_auto="1" extension_auto="1" />
				<Option working_dir="./" />
				<Option object_output="obj/" />
				<Option type="1" />
				<Option compiler="gcc" />
				<Compiler>
					<Add option="-O2" />
				</Compiler>
				<Linker>
					<Add option="-s" />
				</Linker>
			</Target>
		</Build>
		<Compiler>
			<Add option="-Wall" />
			<Add option="-fexceptions" />
			<Add directory="Tools" />
			<Add directory="C:/Program Files/NVIDIA GPU Computing Toolkit/CUDA/v6.5/include" />
		</Compiler>
		<Linker>
			<Add library="OpenCL" />
			<Add directory="C:/Program Files/NVIDIA GPU Computing Toolkit/CUDA/v6.5/lib/Win32" />
		</Linker>
		<Unit filename="Tools/OpenCL_Wrapper.c">
			<Option compilerVar="CC" />
		</Unit>
		<Unit filename="Tools/OpenCL_Wrapper.h" />
		<Unit filename="Tools/Timer.c">
			<Option compilerVar="CC" />
		</Unit>
		<Unit filename="Tools/Timer.h" />
		<Unit filename="main.c">
			<Option compilerVar="CC" />
		</Unit>
		<Unit filename="main.h" />
		<Extensions>
			<code_completion />
			<envvars />
			<debugger />
			<lib_finder disable_auto="1" />
		</Extensions>
	</Project>
</CodeBlocks_project_file>
